
Microsoft Visual Studio Solution File, Format Version 12.00
# Visual Studio Version 16
VisualStudioVersion = 16.0.29123.89
MinimumVisualStudioVersion = 10.0.40219.1
Project("{2150E333-8FDC-42A3-9474-1A3956D46DE8}") = "QuadraticEquations", "QuadraticEquations", "{2AA3929A-D40C-47C2-9D18-A09E0322038F}"
EndProject
Project("{FAE04EC0-301F-11D3-BF4B-00C04F79EFBC}") = "QuadraticEquations.Core", "QuadraticEquations.Core\QuadraticEquations.Core.csproj", "{755596C4-D4CE-4A2B-BFDA-0E55F9961E36}"
EndProject
Project("{FAE04EC0-301F-11D3-BF4B-00C04F79EFBC}") = "QuadraticEquations.Android", "QuadraticEquations.Android\QuadraticEquations.Android.csproj", "{FCBFC074-0BF2-45ED-AB1D-2DB25C2A8467}"
EndProject
Global
	GlobalSection(SolutionConfigurationPlatforms) = preSolution
		Debug|Any CPU = Debug|Any CPU
		Release|Any CPU = Release|Any CPU
	EndGlobalSection
	GlobalSection(ProjectConfigurationPlatforms) = postSolution
		{755596C4-D4CE-4A2B-BFDA-0E55F9961E36}.Debug|Any CPU.ActiveCfg = Debug|Any CPU
		{755596C4-D4CE-4A2B-BFDA-0E55F9961E36}.Debug|Any CPU.Build.0 = Debug|Any CPU
		{755596C4-D4CE-4A2B-BFDA-0E55F9961E36}.Release|Any CPU.ActiveCfg = Release|Any CPU
		{755596C4-D4CE-4A2B-BFDA-0E55F9961E36}.Release|Any CPU.Build.0 = Release|Any CPU
		{FCBFC074-0BF2-45ED-AB1D-2DB25C2A8467}.Debug|Any CPU.ActiveCfg = Debug|Any CPU
		{FCBFC074-0BF2-45ED-AB1D-2DB25C2A8467}.Debug|Any CPU.Build.0 = Debug|Any CPU
		{FCBFC074-0BF2-45ED-AB1D-2DB25C2A8467}.Debug|Any CPU.Deploy.0 = Debug|Any CPU
		{FCBFC074-0BF2-45ED-AB1D-2DB25C2A8467}.Release|Any CPU.ActiveCfg = Release|Any CPU
		{FCBFC074-0BF2-45ED-AB1D-2DB25C2A8467}.Release|Any CPU.Build.0 = Release|Any CPU
		{FCBFC074-0BF2-45ED-AB1D-2DB25C2A8467}.Release|Any CPU.Deploy.0 = Release|Any CPU
	EndGlobalSection
	GlobalSection(SolutionProperties) = preSolution
		HideSolutionNode = FALSE
	EndGlobalSection
	GlobalSection(NestedProjects) = preSolution
		{755596C4-D4CE-4A2B-BFDA-0E55F9961E36} = {2AA3929A-D40C-47C2-9D18-A09E0322038F}
		{FCBFC074-0BF2-45ED-AB1D-2DB25C2A8467} = {2AA3929A-D40C-47C2-9D18-A09E0322038F}
	EndGlobalSection
	GlobalSection(ExtensibilityGlobals) = postSolution
		SolutionGuid = {F78029F7-A827-4C38-AE81-0EA8EBEA346D}
	EndGlobalSection
EndGlobal
